
Microsoft Visual Studio Solution File, Format Version 12.00
# Visual Studio 15
VisualStudioVersion = 15.0.27004.2005
MinimumVisualStudioVersion = 10.0.40219.1
Project("{FAE04EC0-301F-11D3-BF4B-00C04F79EFBC}") = "MeaninglessAboutDialog", "MeaninglessAboutDialog\MeaninglessAboutDialog.csproj", "{C17DC692-3F0F-472E-BB0F-12BB353D6830}"
EndProject
Global
	GlobalSection(SolutionConfigurationPlatforms) = preSolution
		Debug|Any CPU = Debug|Any CPU
		Release|Any CPU = Release|Any CPU
	EndGlobalSection
	GlobalSection(ProjectConfigurationPlatforms) = postSolution
		{C17DC692-3F0F-472E-BB0F-12BB353D6830}.Debug|Any CPU.ActiveCfg = Debug|Any CPU
		{C17DC692-3F0F-472E-BB0F-12BB353D6830}.Debug|Any CPU.Build.0 = Debug|Any CPU
		{C17DC692-3F0F-472E-BB0F-12BB353D6830}.Release|Any CPU.ActiveCfg = Release|Any CPU
		{C17DC692-3F0F-472E-BB0F-12BB353D6830}.Release|Any CPU.Build.0 = Release|Any CPU
	EndGlobalSection
	GlobalSection(SolutionProperties) = preSolution
		HideSolutionNode = FALSE
	EndGlobalSection
	GlobalSection(ExtensibilityGlobals) = postSolution
		SolutionGuid = {CE9BFE71-D554-4DD7-8BD6-7E1E78BF415B}
	EndGlobalSection
EndGlobal
